// !$*UTF8*$!
{
	archiveVersion = 1;
	classes = {
	};
	objectVersion = 56;
	objects = {

/* Begin PBXBuildFile section */
		83024AE12B66D07F0047B26E /* UserInfo.swift in Sources */ = {isa = PBXBuildFile; fileRef = 83024AE02B66D07F0047B26E /* UserInfo.swift */; };
		83024AE32B66D4340047B26E /* ListViewExamp.swift in Sources */ = {isa = PBXBuildFile; fileRef = 83024AE22B66D4330047B26E /* ListViewExamp.swift */; };
		839A5FF92B696030000F744D /* ListViewExamp2.swift in Sources */ = {isa = PBXBuildFile; fileRef = 839A5FF82B696030000F744D /* ListViewExamp2.swift */; };
		83AF816D2B60F66E001F8A03 /* BTKDers2App.swift in Sources */ = {isa = PBXBuildFile; fileRef = 83AF816C2B60F66E001F8A03 /* BTKDers2App.swift */; };
		83AF816F2B60F66E001F8A03 /* ContentView.swift in Sources */ = {isa = PBXBuildFile; fileRef = 83AF816E2B60F66E001F8A03 /* ContentView.swift */; };
		83AF81712B60F66F001F8A03 /* Assets.xcassets in Resources */ = {isa = PBXBuildFile; fileRef = 83AF81702B60F66F001F8A03 /* Assets.xcassets */; };
		83AF81742B60F66F001F8A03 /* Preview Assets.xcassets in Resources */ = {isa = PBXBuildFile; fileRef = 83AF81732B60F66F001F8A03 /* Preview Assets.xcassets */; };
		83AF817B2B61B750001F8A03 /* OzelGorunum.swift in Sources */ = {isa = PBXBuildFile; fileRef = 83AF817A2B61B750001F8A03 /* OzelGorunum.swift */; };
		83AF817D2B61D125001F8A03 /* Liste.swift in Sources */ = {isa = PBXBuildFile; fileRef = 83AF817C2B61D125001F8A03 /* Liste.swift */; };
/* End PBXBuildFile section */

/* Begin PBXFileReference section */
		83024AE02B66D07F0047B26E /* UserInfo.swift */ = {isa = PBXFileReference; lastKnownFileType = sourcecode.swift; path = UserInfo.swift; sourceTree = "<group>"; };
		83024AE22B66D4330047B26E /* ListViewExamp.swift */ = {isa = PBXFileReference; lastKnownFileType = sourcecode.swift; path = ListViewExamp.swift; sourceTree = "<group>"; };
		839A5FF82B696030000F744D /* ListViewExamp2.swift */ = {isa = PBXFileReference; lastKnownFileType = sourcecode.swift; path = ListViewExamp2.swift; sourceTree = "<group>"; };
		83AF81692B60F66E001F8A03 /* BTKDers2.app */ = {isa = PBXFileReference; explicitFileType = wrapper.application; includeInIndex = 0; path = BTKDers2.app; sourceTree = BUILT_PRODUCTS_DIR; };
		83AF816C2B60F66E001F8A03 /* BTKDers2App.swift */ = {isa = PBXFileReference; lastKnownFileType = sourcecode.swift; path = BTKDers2App.swift; sourceTree = "<group>"; };
		83AF816E2B60F66E001F8A03 /* ContentView.swift */ = {isa = PBXFileReference; lastKnownFileType = sourcecode.swift; path = ContentView.swift; sourceTree = "<group>"; };
		83AF81702B60F66F001F8A03 /* Assets.xcassets */ = {isa = PBXFileReference; lastKnownFileType = folder.assetcatalog; path = Assets.xcassets; sourceTree = "<group>"; };
		83AF81732B60F66F001F8A03 /* Preview Assets.xcassets */ = {isa = PBXFileReference; lastKnownFileType = folder.assetcatalog; path = "Preview Assets.xcassets"; sourceTree = "<group>"; };
		83AF817A2B61B750001F8A03 /* OzelGorunum.swift */ = {isa = PBXFileReference; lastKnownFileType = sourcecode.swift; path = OzelGorunum.swift; sourceTree = "<group>"; };
		83AF817C2B61D125001F8A03 /* Liste.swift */ = {isa = PBXFileReference; lastKnownFileType = sourcecode.swift; path = Liste.swift; sourceTree = "<group>"; };
/* End PBXFileReference section */

/* Begin PBXFrameworksBuildPhase section */
		83AF81662B60F66E001F8A03 /* Frameworks */ = {
			isa = PBXFrameworksBuildPhase;
			buildActionMask = 2147483647;
			files = (
			);
			runOnlyForDeploymentPostprocessing = 0;
		};
/* End PBXFrameworksBuildPhase section */

/* Begin PBXGroup section */
		83AF81602B60F66E001F8A03 = {
			isa = PBXGroup;
			children = (
				83AF816B2B60F66E001F8A03 /* BTKDers2 */,
				83AF816A2B60F66E001F8A03 /* Products */,
			);
			sourceTree = "<group>";
		};
		83AF816A2B60F66E001F8A03 /* Products */ = {
			isa = PBXGroup;
			children = (
				83AF81692B60F66E001F8A03 /* BTKDers2.app */,
			);
			name = Products;
			sourceTree = "<group>";
		};
		83AF816B2B60F66E001F8A03 /* BTKDers2 */ = {
			isa = PBXGroup;
			children = (
				83AF816C2B60F66E001F8A03 /* BTKDers2App.swift */,
				83AF816E2B60F66E001F8A03 /* ContentView.swift */,
				83AF817A2B61B750001F8A03 /* OzelGorunum.swift */,
				83AF81702B60F66F001F8A03 /* Assets.xcassets */,
				83AF81722B60F66F001F8A03 /* Preview Content */,
				83AF817C2B61D125001F8A03 /* Liste.swift */,
				83024AE02B66D07F0047B26E /* UserInfo.swift */,
				83024AE22B66D4330047B26E /* ListViewExamp.swift */,
				839A5FF82B696030000F744D /* ListViewExamp2.swift */,
			);
			path = BTKDers2;
			sourceTree = "<group>";
		};
		83AF81722B60F66F001F8A03 /* Preview Content */ = {
			isa = PBXGroup;
			children = (
				83AF81732B60F66F001F8A03 /* Preview Assets.xcassets */,
			);
			path = "Preview Content";
			sourceTree = "<group>";
		};
/* End PBXGroup section */

/* Begin PBXNativeTarget section */
		83AF81682B60F66E001F8A03 /* BTKDers2 */ = {
			isa = PBXNativeTarget;
			buildConfigurationList = 83AF81772B60F66F001F8A03 /* Build configuration list for PBXNativeTarget "BTKDers2" */;
			buildPhases = (
				83AF81652B60F66E001F8A03 /* Sources */,
				83AF81662B60F66E001F8A03 /* Frameworks */,
				83AF81672B60F66E001F8A03 /* Resources */,
			);
			buildRules = (
			);
			dependencies = (
			);
			name = BTKDers2;
			productName = BTKDers2;
			productReference = 83AF81692B60F66E001F8A03 /* BTKDers2.app */;
			productType = "com.apple.product-type.application";
		};
/* End PBXNativeTarget section */

/* Begin PBXProject section */
		83AF81612B60F66E001F8A03 /* Project object */ = {
			isa = PBXProject;
			attributes = {
				BuildIndependentTargetsInParallel = 1;
				LastSwiftUpdateCheck = 1510;
				LastUpgradeCheck = 1510;
				TargetAttributes = {
					83AF81682B60F66E001F8A03 = {
						CreatedOnToolsVersion = 15.1;
					};
				};
			};
			buildConfigurationList = 83AF81642B60F66E001F8A03 /* Build configuration list for PBXProject "BTKDers2" */;
			compatibilityVersion = "Xcode 14.0";
			developmentRegion = en;
			hasScannedForEncodings = 0;
			knownRegions = (
				en,
				Base,
			);
			mainGroup = 83AF81602B60F66E001F8A03;
			productRefGroup = 83AF816A2B60F66E001F8A03 /* Products */;
			projectDirPath = "";
			projectRoot = "";
			targets = (
				83AF81682B60F66E001F8A03 /* BTKDers2 */,
			);
		};
/* End PBXProject section */

/* Begin PBXResourcesBuildPhase section */
		83AF81672B60F66E001F8A03 /* Resources */ = {
			isa = PBXResourcesBuildPhase;
			buildActionMask = 2147483647;
			files = (
				83AF81742B60F66F001F8A03 /* Preview Assets.xcassets in Resources */,
				83AF81712B60F66F001F8A03 /* Assets.xcassets in Resources */,
			);
			runOnlyForDeploymentPostprocessing = 0;
		};
/* End PBXResourcesBuildPhase section */

/* Begin PBXSourcesBuildPhase section */
		83AF81652B60F66E001F8A03 /* Sources */ = {
			isa = PBXSourcesBuildPhase;
			buildActionMask = 2147483647;
			files = (
				83AF816F2B60F66E001F8A03 /* ContentView.swift in Sources */,
				83AF816D2B60F66E001F8A03 /* BTKDers2App.swift in Sources */,
				83024AE32B66D4340047B26E /* ListViewExamp.swift in Sources */,
				83AF817B2B61B750001F8A03 /* OzelGorunum.swift in Sources */,
				839A5FF92B696030000F744D /* ListViewExamp2.swift in Sources */,
				83024AE12B66D07F0047B26E /* UserInfo.swift in Sources */,
				83AF817D2B61D125001F8A03 /* Liste.swift in Sources */,
			);
			runOnlyForDeploymentPostprocessing = 0;
		};
/* End PBXSourcesBuildPhase section */

/* Begin XCBuildConfiguration section */
		83AF81752B60F66F001F8A03 /* Debug */ = {
			isa = XCBuildConfiguration;
			buildSettings = {
				ALWAYS_SEARCH_USER_PATHS = NO;
				ASSETCATALOG_COMPILER_GENERATE_SWIFT_ASSET_SYMBOL_EXTENSIONS = YES;
				CLANG_ANALYZER_NONNULL = YES;
				CLANG_ANALYZER_NUMBER_OBJECT_CONVERSION = YES_AGGRESSIVE;
				CLANG_CXX_LANGUAGE_STANDARD = "gnu++20";
				CLANG_ENABLE_MODULES = YES;
				CLANG_ENABLE_OBJC_ARC = YES;
				CLANG_ENABLE_OBJC_WEAK = YES;
				CLANG_WARN_BLOCK_CAPTURE_AUTORELEASING = YES;
				CLANG_WARN_BOOL_CONVERSION = YES;
				CLANG_WARN_COMMA = YES;
				CLANG_WARN_CONSTANT_CONVERSION = YES;
				CLANG_WARN_DEPRECATED_OBJC_IMPLEMENTATIONS = YES;
				CLANG_WARN_DIRECT_OBJC_ISA_USAGE = YES_ERROR;
				CLANG_WARN_DOCUMENTATION_COMMENTS = YES;
				CLANG_WARN_EMPTY_BODY = YES;
				CLANG_WARN_ENUM_CONVERSION = YES;
				CLANG_WARN_INFINITE_RECURSION = YES;
				CLANG_WARN_INT_CONVERSION = YES;
				CLANG_WARN_NON_LITERAL_NULL_CONVERSION = YES;
				CLANG_WARN_OBJC_IMPLICIT_RETAIN_SELF = YES;
				CLANG_WARN_OBJC_LITERAL_CONVERSION = YES;
				CLANG_WARN_OBJC_ROOT_CLASS = YES_ERROR;
				CLANG_WARN_QUOTED_INCLUDE_IN_FRAMEWORK_HEADER = YES;
				CLANG_WARN_RANGE_LOOP_ANALYSIS = YES;
				CLANG_WARN_STRICT_PROTOTYPES = YES;
				CLANG_WARN_SUSPICIOUS_MOVE = YES;
				CLANG_WARN_UNGUARDED_AVAILABILITY = YES_AGGRESSIVE;
				CLANG_WARN_UNREACHABLE_CODE = YES;
				CLANG_WARN__DUPLICATE_METHOD_MATCH = YES;
				COPY_PHASE_STRIP = NO;
				DEBUG_INFORMATION_FORMAT = dwarf;
				ENABLE_STRICT_OBJC_MSGSEND = YES;
				ENABLE_TESTABILITY = YES;
				ENABLE_USER_SCRIPT_SANDBOXING = YES;
				GCC_C_LANGUAGE_STANDARD = gnu17;
				GCC_DYNAMIC_NO_PIC = NO;
				GCC_NO_COMMON_BLOCKS = YES;
				GCC_OPTIMIZATION_LEVEL = 0;
				GCC_PREPROCESSOR_DEFINITIONS = (
					"DEBUG=1",
					"$(inherited)",
				);
				GCC_WARN_64_TO_32_BIT_CONVERSION = YES;
				GCC_WARN_ABOUT_RETURN_TYPE = YES_ERROR;
				GCC_WARN_UNDECLARED_SELECTOR = YES;
				GCC_WARN_UNINITIALIZED_AUTOS = YES_AGGRESSIVE;
				GCC_WARN_UNUSED_FUNCTION = YES;
				GCC_WARN_UNUSED_VARIABLE = YES;
				IPHONEOS_DEPLOYMENT_TARGET = 17.2;
				LOCALIZATION_PREFERS_STRING_CATALOGS = YES;
				MTL_ENABLE_DEBUG_INFO = INCLUDE_SOURCE;
				MTL_FAST_MATH = YES;
				ONLY_ACTIVE_ARCH = YES;
				SDKROOT = iphoneos;
				SWIFT_ACTIVE_COMPILATION_CONDITIONS = "DEBUG $(inherited)";
				SWIFT_OPTIMIZATION_LEVEL = "-Onone";
			};
			name = Debug;
		};
		83AF81762B60F66F001F8A03 /* Release */ = {
			isa = XCBuildConfiguration;
			buildSettings = {
				ALWAYS_SEARCH_USER_PATHS = NO;
				ASSETCATALOG_COMPILER_GENERATE_SWIFT_ASSET_SYMBOL_EXTENSIONS = YES;
				CLANG_ANALYZER_NONNULL = YES;
				CLANG_ANALYZER_NUMBER_OBJECT_CONVERSION = YES_AGGRESSIVE;
				CLANG_CXX_LANGUAGE_STANDARD = "gnu++20";
				CLANG_ENABLE_MODULES = YES;
				CLANG_ENABLE_OBJC_ARC = YES;
				CLANG_ENABLE_OBJC_WEAK = YES;
				CLANG_WARN_BLOCK_CAPTURE_AUTORELEASING = YES;
				CLANG_WARN_BOOL_CONVERSION = YES;
				CLANG_WARN_COMMA = YES;
				CLANG_WARN_CONSTANT_CONVERSION = YES;
				CLANG_WARN_DEPRECATED_OBJC_IMPLEMENTATIONS = YES;
				CLANG_WARN_DIRECT_OBJC_ISA_USAGE = YES_ERROR;
				CLANG_WARN_DOCUMENTATION_COMMENTS = YES;
				CLANG_WARN_EMPTY_BODY = YES;
				CLANG_WARN_ENUM_CONVERSION = YES;
				CLANG_WARN_INFINITE_RECURSION = YES;
				CLANG_WARN_INT_CONVERSION = YES;
				CLANG_WARN_NON_LITERAL_NULL_CONVERSION = YES;
				CLANG_WARN_OBJC_IMPLICIT_RETAIN_SELF = YES;
				CLANG_WARN_OBJC_LITERAL_CONVERSION = YES;
				CLANG_WARN_OBJC_ROOT_CLASS = YES_ERROR;
				CLANG_WARN_QUOTED_INCLUDE_IN_FRAMEWORK_HEADER = YES;
				CLANG_WARN_RANGE_LOOP_ANALYSIS = YES;
				CLANG_WARN_STRICT_PROTOTYPES = YES;
				CLANG_WARN_SUSPICIOUS_MOVE = YES;
				CLANG_WARN_UNGUARDED_AVAILABILITY = YES_AGGRESSIVE;
				CLANG_WARN_UNREACHABLE_CODE = YES;
				CLANG_WARN__DUPLICATE_METHOD_MATCH = YES;
				COPY_PHASE_STRIP = NO;
				DEBUG_INFORMATION_FORMAT = "dwarf-with-dsym";
				ENABLE_NS_ASSERTIONS = NO;
				ENABLE_STRICT_OBJC_MSGSEND = YES;
				ENABLE_USER_SCRIPT_SANDBOXING = YES;
				GCC_C_LANGUAGE_STANDARD = gnu17;
				GCC_NO_COMMON_BLOCKS = YES;
				GCC_WARN_64_TO_32_BIT_CONVERSION = YES;
				GCC_WARN_ABOUT_RETURN_TYPE = YES_ERROR;
				GCC_WARN_UNDECLARED_SELECTOR = YES;
				GCC_WARN_UNINITIALIZED_AUTOS = YES_AGGRESSIVE;
				GCC_WARN_UNUSED_FUNCTION = YES;
				GCC_WARN_UNUSED_VARIABLE = YES;
				IPHONEOS_DEPLOYMENT_TARGET = 17.2;
				LOCALIZATION_PREFERS_STRING_CATALOGS = YES;
				MTL_ENABLE_DEBUG_INFO = NO;
				MTL_FAST_MATH = YES;
				SDKROOT = iphoneos;
				SWIFT_COMPILATION_MODE = wholemodule;
				VALIDATE_PRODUCT = YES;
			};
			name = Release;
		};
		83AF81782B60F66F001F8A03 /* Debug */ = {
			isa = XCBuildConfiguration;
			buildSettings = {
				ASSETCATALOG_COMPILER_APPICON_NAME = AppIcon;
				ASSETCATALOG_COMPILER_GLOBAL_ACCENT_COLOR_NAME = AccentColor;
				CODE_SIGN_STYLE = Automatic;
				CURRENT_PROJECT_VERSION = 1;
				DEVELOPMENT_ASSET_PATHS = "\"BTKDers2/Preview Content\"";
				DEVELOPMENT_TEAM = D3GJ8U2SMV;
				ENABLE_PREVIEWS = YES;
				GENERATE_INFOPLIST_FILE = YES;
				INFOPLIST_KEY_UIApplicationSceneManifest_Generation = YES;
				INFOPLIST_KEY_UIApplicationSupportsIndirectInputEvents = YES;
				INFOPLIST_KEY_UILaunchScreen_Generation = YES;
				INFOPLIST_KEY_UISupportedInterfaceOrientations_iPad = "UIInterfaceOrientationPortrait UIInterfaceOrientationPortraitUpsideDown UIInterfaceOrientationLandscapeLeft UIInterfaceOrientationLandscapeRight";
				INFOPLIST_KEY_UISupportedInterfaceOrientations_iPhone = "UIInterfaceOrientationPortrait UIInterfaceOrientationLandscapeLeft UIInterfaceOrientationLandscapeRight";
				LD_RUNPATH_SEARCH_PATHS = (
					"$(inherited)",
					"@executable_path/Frameworks",
				);
				MARKETING_VERSION = 1.0;
				PRODUCT_BUNDLE_IDENTIFIER = onuraltintas.BTKDers2;
				PRODUCT_NAME = "$(TARGET_NAME)";
				SWIFT_EMIT_LOC_STRINGS = YES;
				SWIFT_VERSION = 5.0;
				TARGETED_DEVICE_FAMILY = "1,2";
			};
			name = Debug;
		};
		83AF81792B60F66F001F8A03 /* Release */ = {
			isa = XCBuildConfiguration;
			buildSettings = {
				ASSETCATALOG_COMPILER_APPICON_NAME = AppIcon;
				ASSETCATALOG_COMPILER_GLOBAL_ACCENT_COLOR_NAME = AccentColor;
				CODE_SIGN_STYLE = Automatic;
				CURRENT_PROJECT_VERSION = 1;
				DEVELOPMENT_ASSET_PATHS = "\"BTKDers2/Preview Content\"";
				DEVELOPMENT_TEAM = D3GJ8U2SMV;
				ENABLE_PREVIEWS = YES;
				GENERATE_INFOPLIST_FILE = YES;
				INFOPLIST_KEY_UIApplicationSceneManifest_Generation = YES;
				INFOPLIST_KEY_UIApplicationSupportsIndirectInputEvents = YES;
				INFOPLIST_KEY_UILaunchScreen_Generation = YES;
				INFOPLIST_KEY_UISupportedInterfaceOrientations_iPad = "UIInterfaceOrientationPortrait UIInterfaceOrientationPortraitUpsideDown UIInterfaceOrientationLandscapeLeft UIInterfaceOrientationLandscapeRight";
				INFOPLIST_KEY_UISupportedInterfaceOrientations_iPhone = "UIInterfaceOrientationPortrait UIInterfaceOrientationLandscapeLeft UIInterfaceOrientationLandscapeRight";
				LD_RUNPATH_SEARCH_PATHS = (
					"$(inherited)",
					"@executable_path/Frameworks",
				);
				MARKETING_VERSION = 1.0;
				PRODUCT_BUNDLE_IDENTIFIER = onuraltintas.BTKDers2;
				PRODUCT_NAME = "$(TARGET_NAME)";
				SWIFT_EMIT_LOC_STRINGS = YES;
				SWIFT_VERSION = 5.0;
				TARGETED_DEVICE_FAMILY = "1,2";
			};
			name = Release;
		};
/* End XCBuildConfiguration section */

/* Begin XCConfigurationList section */
		83AF81642B60F66E001F8A03 /* Build configuration list for PBXProject "BTKDers2" */ = {
			isa = XCConfigurationList;
			buildConfigurations = (
				83AF81752B60F66F001F8A03 /* Debug */,
				83AF81762B60F66F001F8A03 /* Release */,
			);
			defaultConfigurationIsVisible = 0;
			defaultConfigurationName = Release;
		};
		83AF81772B60F66F001F8A03 /* Build configuration list for PBXNativeTarget "BTKDers2" */ = {
			isa = XCConfigurationList;
			buildConfigurations = (
				83AF81782B60F66F001F8A03 /* Debug */,
				83AF81792B60F66F001F8A03 /* Release */,
			);
			defaultConfigurationIsVisible = 0;
			defaultConfigurationName = Release;
		};
/* End XCConfigurationList section */
	};
	rootObject = 83AF81612B60F66E001F8A03 /* Project object */;
}
